
Microsoft Visual Studio Solution File, Format Version 12.00
Project("{FAE04EC0-301F-11D3-BF4B-00C04F79EFBC}") = "Gav", "Gav\Gav.csproj", "{153DC6D1-3923-467D-917C-AE35D0EC056C}"
EndProject
Global
	GlobalSection(SolutionConfigurationPlatforms) = preSolution
		Debug|Any CPU = Debug|Any CPU
		Release|Any CPU = Release|Any CPU
	EndGlobalSection
	GlobalSection(ProjectConfigurationPlatforms) = postSolution
		{153DC6D1-3923-467D-917C-AE35D0EC056C}.Debug|Any CPU.ActiveCfg = Debug|Any CPU
		{153DC6D1-3923-467D-917C-AE35D0EC056C}.Debug|Any CPU.Build.0 = Debug|Any CPU
		{153DC6D1-3923-467D-917C-AE35D0EC056C}.Release|Any CPU.ActiveCfg = Release|Any CPU
		{153DC6D1-3923-467D-917C-AE35D0EC056C}.Release|Any CPU.Build.0 = Release|Any CPU
	EndGlobalSection
EndGlobal
